# THIS IS AN AUTOGENERATED FILE. DO NOT EDIT THIS FILE DIRECTLY.
# yarn lockfile v1


"@octokit/app@^12.0.0":
  version "12.0.3"
  resolved "https://registry.nlark.com/@octokit/app/download/@octokit/app-12.0.3.tgz#f14619c69c431609cda9bd6c7a00b246b4db32bb"
  integrity sha1-8UYZxpxDFgnNqb1segCyRrTbMrs=
  dependencies:
    "@octokit/auth-app" "^3.3.0"
    "@octokit/auth-unauthenticated" "^2.0.4"
    "@octokit/core" "^3.4.0"
    "@octokit/oauth-app" "^3.3.2"
    "@octokit/plugin-paginate-rest" "^2.13.3"
    "@octokit/types" "^6.13.0"
    "@octokit/webhooks" "^9.0.1"

"@octokit/auth-app@^3.3.0":
  version "3.6.0"
  resolved "https://registry.nlark.com/@octokit/auth-app/download/@octokit/auth-app-3.6.0.tgz#79fc6f652d2362ce0bd3122f6f764a87cc813dea"
  integrity sha1-efxvZS0jYs4L0xIvb3ZKh8yBPeo=
  dependencies:
    "@octokit/auth-oauth-app" "^4.3.0"
    "@octokit/auth-oauth-user" "^1.2.3"
    "@octokit/request" "^5.6.0"
    "@octokit/request-error" "^2.1.0"
    "@octokit/types" "^6.0.3"
    "@types/lru-cache" "^5.1.0"
    deprecation "^2.3.1"
    lru-cache "^6.0.0"
    universal-github-app-jwt "^1.0.1"
    universal-user-agent "^6.0.0"

"@octokit/auth-oauth-app@^4.0.0", "@octokit/auth-oauth-app@^4.3.0":
  version "4.3.0"
  resolved "https://registry.nlark.com/@octokit/auth-oauth-app/download/@octokit/auth-oauth-app-4.3.0.tgz#de02f184360ffd7cfccef861053784fc4410e7ea"
  integrity sha1-3gLxhDYP/Xz8zvhhBTeE/EQQ5+o=
  dependencies:
    "@octokit/auth-oauth-device" "^3.1.1"
    "@octokit/auth-oauth-user" "^1.2.1"
    "@octokit/request" "^5.3.0"
    "@octokit/types" "^6.0.3"
    "@types/btoa-lite" "^1.0.0"
    btoa-lite "^1.0.0"
    universal-user-agent "^6.0.0"

"@octokit/auth-oauth-device@^3.1.1":
  version "3.1.2"
  resolved "https://registry.nlark.com/@octokit/auth-oauth-device/download/@octokit/auth-oauth-device-3.1.2.tgz#d299f51f491669f37fe7af8738f5ac921e63973c"
  integrity sha1-0pn1H0kWafN/56+HOPWskh5jlzw=
  dependencies:
    "@octokit/oauth-methods" "^1.1.0"
    "@octokit/request" "^5.4.14"
    "@octokit/types" "^6.10.0"
    universal-user-agent "^6.0.0"

"@octokit/auth-oauth-user@^1.2.1", "@octokit/auth-oauth-user@^1.2.3", "@octokit/auth-oauth-user@^1.3.0":
  version "1.3.0"
  resolved "https://registry.nlark.com/@octokit/auth-oauth-user/download/@octokit/auth-oauth-user-1.3.0.tgz#da4e4529145181a6aa717ae858afb76ebd6e3360"
  integrity sha1-2k5FKRRRgaaqcXroWK+3br1uM2A=
  dependencies:
    "@octokit/auth-oauth-device" "^3.1.1"
    "@octokit/oauth-methods" "^1.1.0"
    "@octokit/request" "^5.4.14"
    "@octokit/types" "^6.12.2"
    btoa-lite "^1.0.0"
    universal-user-agent "^6.0.0"

"@octokit/auth-token@^2.4.4":
  version "2.4.5"
  resolved "https://registry.npm.taobao.org/@octokit/auth-token/download/@octokit/auth-token-2.4.5.tgz?cache=0&sync_timestamp=1611596865357&other_urls=https%3A%2F%2Fregistry.npm.taobao.org%2F%40octokit%2Fauth-token%2Fdownload%2F%40octokit%2Fauth-token-2.4.5.tgz#568ccfb8cb46f36441fac094ce34f7a875b197f3"
  integrity sha1-VozPuMtG82RB+sCUzjT3qHWxl/M=
  dependencies:
    "@octokit/types" "^6.0.3"

"@octokit/auth-unauthenticated@^2.0.0", "@octokit/auth-unauthenticated@^2.0.4":
  version "2.1.0"
  resolved "https://registry.nlark.com/@octokit/auth-unauthenticated/download/@octokit/auth-unauthenticated-2.1.0.tgz#ef97de366836e09f130de4e2205be955f9cf131c"
  integrity sha1-75feNmg24J8TDeTiIFvpVfnPExw=
  dependencies:
    "@octokit/request-error" "^2.1.0"
    "@octokit/types" "^6.0.3"

"@octokit/core@^3.3.1", "@octokit/core@^3.3.2", "@octokit/core@^3.4.0":
  version "3.5.1"
  resolved "https://registry.nlark.com/@octokit/core/download/@octokit/core-3.5.1.tgz#8601ceeb1ec0e1b1b8217b960a413ed8e947809b"
  integrity sha1-hgHO6x7A4bG4IXuWCkE+2OlHgJs=
  dependencies:
    "@octokit/auth-token" "^2.4.4"
    "@octokit/graphql" "^4.5.8"
    "@octokit/request" "^5.6.0"
    "@octokit/request-error" "^2.0.5"
    "@octokit/types" "^6.0.3"
    before-after-hook "^2.2.0"
    universal-user-agent "^6.0.0"

"@octokit/endpoint@^6.0.1":
  version "6.0.12"
  resolved "https://registry.nlark.com/@octokit/endpoint/download/@octokit/endpoint-6.0.12.tgz#3b4d47a4b0e79b1027fb8d75d4221928b2d05658"
  integrity sha1-O01HpLDnmxAn+4111CIZKLLQVlg=
  dependencies:
    "@octokit/types" "^6.0.3"
    is-plain-object "^5.0.0"
    universal-user-agent "^6.0.0"

"@octokit/graphql@^4.5.8":
  version "4.6.4"
  resolved "https://registry.nlark.com/@octokit/graphql/download/@octokit/graphql-4.6.4.tgz?cache=0&sync_timestamp=1623458295436&other_urls=https%3A%2F%2Fregistry.nlark.com%2F%40octokit%2Fgraphql%2Fdownload%2F%40octokit%2Fgraphql-4.6.4.tgz#0c3f5bed440822182e972317122acb65d311a5ed"
  integrity sha1-DD9b7UQIIhgulyMXEirLZdMRpe0=
  dependencies:
    "@octokit/request" "^5.6.0"
    "@octokit/types" "^6.0.3"
    universal-user-agent "^6.0.0"

"@octokit/oauth-app@^3.3.0", "@octokit/oauth-app@^3.3.2":
  version "3.5.1"
  resolved "https://registry.nlark.com/@octokit/oauth-app/download/@octokit/oauth-app-3.5.1.tgz#b880d0a480a3d2043b6e71b1fb0360d90db2f0f0"
  integrity sha1-uIDQpICj0gQ7bnGx+wNg2Q2y8PA=
  dependencies:
    "@octokit/auth-oauth-app" "^4.0.0"
    "@octokit/auth-oauth-user" "^1.3.0"
    "@octokit/auth-unauthenticated" "^2.0.0"
    "@octokit/core" "^3.3.2"
    "@octokit/oauth-authorization-url" "^4.2.1"
    "@octokit/oauth-methods" "^1.2.2"
    fromentries "^1.3.1"
    universal-user-agent "^6.0.0"

"@octokit/oauth-authorization-url@^4.2.1", "@octokit/oauth-authorization-url@^4.3.1":
  version "4.3.2"
  resolved "https://registry.nlark.com/@octokit/oauth-authorization-url/download/@octokit/oauth-authorization-url-4.3.2.tgz#b8272a152c137e06789233eec0b623de3584d192"
  integrity sha1-uCcqFSwTfgZ4kjPuwLYj3jWE0ZI=

"@octokit/oauth-methods@^1.1.0", "@octokit/oauth-methods@^1.2.2":
  version "1.2.4"
  resolved "https://registry.nlark.com/@octokit/oauth-methods/download/@octokit/oauth-methods-1.2.4.tgz#5f2706b29f09d309233aee61c99b66aedec0511a"
  integrity sha1-XycGsp8J0wkjOu5hyZtmrt7AURo=
  dependencies:
    "@octokit/oauth-authorization-url" "^4.3.1"
    "@octokit/request" "^5.4.14"
    "@octokit/request-error" "^2.0.5"
    "@octokit/types" "^6.12.2"
    btoa-lite "^1.0.0"

"@octokit/openapi-types@^9.4.0":
  version "9.4.0"
  resolved "https://registry.nlark.com/@octokit/openapi-types/download/@octokit/openapi-types-9.4.0.tgz?cache=0&sync_timestamp=1628015879677&other_urls=https%3A%2F%2Fregistry.nlark.com%2F%40octokit%2Fopenapi-types%2Fdownload%2F%40octokit%2Fopenapi-types-9.4.0.tgz#31a76fb4c0f2e15af300edd880cedf4f75be212b"
  integrity sha1-MadvtMDy4VrzAO3YgM7fT3W+ISs=

"@octokit/plugin-paginate-rest@^2.13.3":
  version "2.15.0"
  resolved "https://registry.nlark.com/@octokit/plugin-paginate-rest/download/@octokit/plugin-paginate-rest-2.15.0.tgz?cache=0&sync_timestamp=1627926415171&other_urls=https%3A%2F%2Fregistry.nlark.com%2F%40octokit%2Fplugin-paginate-rest%2Fdownload%2F%40octokit%2Fplugin-paginate-rest-2.15.0.tgz#9c956c3710b2bd786eb3814eaf5a2b17392c150d"
  integrity sha1-nJVsNxCyvXhus4FOr1orFzksFQ0=
  dependencies:
    "@octokit/types" "^6.23.0"

"@octokit/plugin-rest-endpoint-methods@5.7.0":
  version "5.7.0"
  resolved "https://registry.nlark.com/@octokit/plugin-rest-endpoint-methods/download/@octokit/plugin-rest-endpoint-methods-5.7.0.tgz#80b69452c17597738d4692c79829b72d9e72ccec"
  integrity sha1-gLaUUsF1l3ONRpLHmCm3LZ5yzOw=
  dependencies:
    "@octokit/types" "^6.24.0"
    deprecation "^2.3.1"

"@octokit/plugin-retry@^3.0.8":
  version "3.0.9"
  resolved "https://registry.nlark.com/@octokit/plugin-retry/download/@octokit/plugin-retry-3.0.9.tgz#ae625cca1e42b0253049102acd71c1d5134788fe"
  integrity sha1-rmJcyh5CsCUwSRAqzXHB1RNHiP4=
  dependencies:
    "@octokit/types" "^6.0.3"
    bottleneck "^2.15.3"

"@octokit/plugin-throttling@^3.4.3":
  version "3.5.1"
  resolved "https://registry.nlark.com/@octokit/plugin-throttling/download/@octokit/plugin-throttling-3.5.1.tgz#889e80e7f3464a18c768337369498d2d47c0b643"
  integrity sha1-iJ6A5/NGShjHaDNzaUmNLUfAtkM=
  dependencies:
    "@octokit/types" "^6.0.1"
    bottleneck "^2.15.3"

"@octokit/request-error@^2.0.2", "@octokit/request-error@^2.0.5", "@octokit/request-error@^2.1.0":
  version "2.1.0"
  resolved "https://registry.nlark.com/@octokit/request-error/download/@octokit/request-error-2.1.0.tgz?cache=0&sync_timestamp=1623456965882&other_urls=https%3A%2F%2Fregistry.nlark.com%2F%40octokit%2Frequest-error%2Fdownload%2F%40octokit%2Frequest-error-2.1.0.tgz#9e150357831bfc788d13a4fd4b1913d60c74d677"
  integrity sha1-nhUDV4Mb/HiNE6T9SxkT1gx01nc=
  dependencies:
    "@octokit/types" "^6.0.3"
    deprecation "^2.0.0"
    once "^1.4.0"

"@octokit/request@^5.3.0", "@octokit/request@^5.4.14", "@octokit/request@^5.6.0":
  version "5.6.0"
  resolved "https://registry.nlark.com/@octokit/request/download/@octokit/request-5.6.0.tgz#6084861b6e4fa21dc40c8e2a739ec5eff597e672"
  integrity sha1-YISGG25Poh3EDI4qc57F7/WX5nI=
  dependencies:
    "@octokit/endpoint" "^6.0.1"
    "@octokit/request-error" "^2.1.0"
    "@octokit/types" "^6.16.1"
    is-plain-object "^5.0.0"
    node-fetch "^2.6.1"
    universal-user-agent "^6.0.0"

"@octokit/types@^6.0.1", "@octokit/types@^6.0.3", "@octokit/types@^6.10.0", "@octokit/types@^6.12.2", "@octokit/types@^6.13.0", "@octokit/types@^6.16.1", "@octokit/types@^6.23.0", "@octokit/types@^6.24.0":
  version "6.24.0"
  resolved "https://registry.nlark.com/@octokit/types/download/@octokit/types-6.24.0.tgz#d7858ceae8ac29256da85dcfcb9acbae28e6ba22"
  integrity sha1-14WM6uisKSVtqF3Py5rLrijmuiI=
  dependencies:
    "@octokit/openapi-types" "^9.4.0"

"@octokit/webhooks-methods@^2.0.0":
  version "2.0.0"
  resolved "https://registry.nlark.com/@octokit/webhooks-methods/download/@octokit/webhooks-methods-2.0.0.tgz#1108b9ea661ca6c81e4a8bfa63a09eb27d5bc2db"
  integrity sha1-EQi56mYcpsgeSov6Y6Cesn1bwts=

"@octokit/webhooks-types@4.3.0":
  version "4.3.0"
  resolved "https://registry.nlark.com/@octokit/webhooks-types/download/@octokit/webhooks-types-4.3.0.tgz#a3810cedeeb48305fed4273e88387d0572c64fdc"
  integrity sha1-o4EM7e60gwX+1Cc+iDh9BXLGT9w=

"@octokit/webhooks@^9.0.1":
  version "9.12.0"
  resolved "https://registry.nlark.com/@octokit/webhooks/download/@octokit/webhooks-9.12.0.tgz#9d831e4ff5d69efabca09a1044bd832e907a0252"
  integrity sha1-nYMeT/XWnvq8oJoQRL2DLpB6AlI=
  dependencies:
    "@octokit/request-error" "^2.0.2"
    "@octokit/webhooks-methods" "^2.0.0"
    "@octokit/webhooks-types" "4.3.0"
    aggregate-error "^3.1.0"

"@types/btoa-lite@^1.0.0":
  version "1.0.0"
  resolved "https://registry.nlark.com/@types/btoa-lite/download/@types/btoa-lite-1.0.0.tgz?cache=0&sync_timestamp=1621240686347&other_urls=https%3A%2F%2Fregistry.nlark.com%2F%40types%2Fbtoa-lite%2Fdownload%2F%40types%2Fbtoa-lite-1.0.0.tgz#e190a5a548e0b348adb0df9ac7fa5f1151c7cca4"
  integrity sha1-4ZClpUjgs0itsN+ax/pfEVHHzKQ=

"@types/jsonwebtoken@^8.3.3":
  version "8.5.4"
  resolved "https://registry.nlark.com/@types/jsonwebtoken/download/@types/jsonwebtoken-8.5.4.tgz?cache=0&sync_timestamp=1625615384219&other_urls=https%3A%2F%2Fregistry.nlark.com%2F%40types%2Fjsonwebtoken%2Fdownload%2F%40types%2Fjsonwebtoken-8.5.4.tgz#50ccaf0aa6f5d7b9956e70fe323b76e582991913"
  integrity sha1-UMyvCqb117mVbnD+Mjt25YKZGRM=
  dependencies:
    "@types/node" "*"

"@types/lru-cache@^5.1.0":
  version "5.1.1"
  resolved "https://registry.nlark.com/@types/lru-cache/download/@types/lru-cache-5.1.1.tgz#c48c2e27b65d2a153b19bfc1a317e30872e01eef"
  integrity sha1-xIwuJ7ZdKhU7Gb/BoxfjCHLgHu8=

"@types/node@*":
  version "16.4.13"
  resolved "https://registry.nlark.com/@types/node/download/@types/node-16.4.13.tgz?cache=0&sync_timestamp=1628211838245&other_urls=https%3A%2F%2Fregistry.nlark.com%2F%40types%2Fnode%2Fdownload%2F%40types%2Fnode-16.4.13.tgz#7dfd9c14661edc65cccd43a29eb454174642370d"
  integrity sha1-ff2cFGYe3GXMzUOinrRUF0ZCNw0=

aggregate-error@^3.1.0:
  version "3.1.0"
  resolved "https://registry.npm.taobao.org/aggregate-error/download/aggregate-error-3.1.0.tgz#92670ff50f5359bdb7a3e0d40d0ec30c5737687a"
  integrity sha1-kmcP9Q9TWb23o+DUDQ7DDFc3aHo=
  dependencies:
    clean-stack "^2.0.0"
    indent-string "^4.0.0"

before-after-hook@^2.2.0:
  version "2.2.2"
  resolved "https://registry.nlark.com/before-after-hook/download/before-after-hook-2.2.2.tgz?cache=0&sync_timestamp=1622845512291&other_urls=https%3A%2F%2Fregistry.nlark.com%2Fbefore-after-hook%2Fdownload%2Fbefore-after-hook-2.2.2.tgz#a6e8ca41028d90ee2c24222f201c90956091613e"
  integrity sha1-pujKQQKNkO4sJCIvIByQlWCRYT4=

bottleneck@^2.15.3:
  version "2.19.5"
  resolved "https://registry.npm.taobao.org/bottleneck/download/bottleneck-2.19.5.tgz#5df0b90f59fd47656ebe63c78a98419205cadd91"
  integrity sha1-XfC5D1n9R2VuvmPHiphBkgXK3ZE=

btoa-lite@^1.0.0:
  version "1.0.0"
  resolved "https://registry.npm.taobao.org/btoa-lite/download/btoa-lite-1.0.0.tgz#337766da15801210fdd956c22e9c6891ab9d0337"
  integrity sha1-M3dm2hWAEhD92VbCLpxokaudAzc=

buffer-equal-constant-time@1.0.1:
  version "1.0.1"
  resolved "https://registry.npm.taobao.org/buffer-equal-constant-time/download/buffer-equal-constant-time-1.0.1.tgz#f8e71132f7ffe6e01a5c9697a4c6f3e48d5cc819"
  integrity sha1-+OcRMvf/5uAaXJaXpMbz5I1cyBk=

clean-stack@^2.0.0:
  version "2.2.0"
  resolved "https://registry.nlark.com/clean-stack/download/clean-stack-2.2.0.tgz?cache=0&sync_timestamp=1621915044030&other_urls=https%3A%2F%2Fregistry.nlark.com%2Fclean-stack%2Fdownload%2Fclean-stack-2.2.0.tgz#ee8472dbb129e727b31e8a10a427dee9dfe4008b"
  integrity sha1-7oRy27Ep5yezHooQpCfe6d/kAIs=

deprecation@^2.0.0, deprecation@^2.3.1:
  version "2.3.1"
  resolved "https://registry.npm.taobao.org/deprecation/download/deprecation-2.3.1.tgz#6368cbdb40abf3373b525ac87e4a260c3a700919"
  integrity sha1-Y2jL20Cr8zc7UlrIfkomDDpwCRk=

ecdsa-sig-formatter@1.0.11:
  version "1.0.11"
  resolved "https://registry.npm.taobao.org/ecdsa-sig-formatter/download/ecdsa-sig-formatter-1.0.11.tgz#ae0f0fa2d85045ef14a817daa3ce9acd0489e5bf"
  integrity sha1-rg8PothQRe8UqBfao86azQSJ5b8=
  dependencies:
    safe-buffer "^5.0.1"

fromentries@^1.3.1:
  version "1.3.2"
  resolved "https://registry.npm.taobao.org/fromentries/download/fromentries-1.3.2.tgz#e4bca6808816bf8f93b52750f1127f5a6fd86e3a"
  integrity sha1-5LymgIgWv4+TtSdQ8RJ/Wm/Ybjo=

fs-extra@^10.0.0:
  version "10.0.0"
  resolved "https://registry.nlark.com/fs-extra/download/fs-extra-10.0.0.tgz#9ff61b655dde53fb34a82df84bb214ce802e17c1"
  integrity sha1-n/YbZV3eU/s0qC34S7IUzoAuF8E=
  dependencies:
    graceful-fs "^4.2.0"
    jsonfile "^6.0.1"
    universalify "^2.0.0"

graceful-fs@^4.1.11, graceful-fs@^4.1.6, graceful-fs@^4.2.0:
  version "4.2.8"
  resolved "https://registry.nlark.com/graceful-fs/download/graceful-fs-4.2.8.tgz?cache=0&sync_timestamp=1628194078324&other_urls=https%3A%2F%2Fregistry.nlark.com%2Fgraceful-fs%2Fdownload%2Fgraceful-fs-4.2.8.tgz#e412b8d33f5e006593cbd3cee6df9f2cebbe802a"
  integrity sha1-5BK40z9eAGWTy9PO5t+fLOu+gCo=

indent-string@^4.0.0:
  version "4.0.0"
  resolved "https://registry.npm.taobao.org/indent-string/download/indent-string-4.0.0.tgz?cache=0&sync_timestamp=1618679561483&other_urls=https%3A%2F%2Fregistry.npm.taobao.org%2Findent-string%2Fdownload%2Findent-string-4.0.0.tgz#624f8f4497d619b2d9768531d58f4122854d7251"
  integrity sha1-Yk+PRJfWGbLZdoUx1Y9BIoVNclE=

is-plain-object@^5.0.0:
  version "5.0.0"
  resolved "https://registry.nlark.com/is-plain-object/download/is-plain-object-5.0.0.tgz#4427f50ab3429e9025ea7d52e9043a9ef4159344"
  integrity sha1-RCf1CrNCnpAl6n1S6QQ6nvQVk0Q=

jsonfile@^6.0.1:
  version "6.1.0"
  resolved "https://registry.nlark.com/jsonfile/download/jsonfile-6.1.0.tgz#bc55b2634793c679ec6403094eb13698a6ec0aae"
  integrity sha1-vFWyY0eTxnnsZAMJTrE2mKbsCq4=
  dependencies:
    universalify "^2.0.0"
  optionalDependencies:
    graceful-fs "^4.1.6"

jsonwebtoken@^8.5.1:
  version "8.5.1"
  resolved "https://registry.npm.taobao.org/jsonwebtoken/download/jsonwebtoken-8.5.1.tgz#00e71e0b8df54c2121a1f26137df2280673bcc0d"
  integrity sha1-AOceC431TCEhofJhN98igGc7zA0=
  dependencies:
    jws "^3.2.2"
    lodash.includes "^4.3.0"
    lodash.isboolean "^3.0.3"
    lodash.isinteger "^4.0.4"
    lodash.isnumber "^3.0.3"
    lodash.isplainobject "^4.0.6"
    lodash.isstring "^4.0.1"
    lodash.once "^4.0.0"
    ms "^2.1.1"
    semver "^5.6.0"

jwa@^1.4.1:
  version "1.4.1"
  resolved "https://registry.npm.taobao.org/jwa/download/jwa-1.4.1.tgz#743c32985cb9e98655530d53641b66c8645b039a"
  integrity sha1-dDwymFy56YZVUw1TZBtmyGRbA5o=
  dependencies:
    buffer-equal-constant-time "1.0.1"
    ecdsa-sig-formatter "1.0.11"
    safe-buffer "^5.0.1"

jws@^3.2.2:
  version "3.2.2"
  resolved "https://registry.npm.taobao.org/jws/download/jws-3.2.2.tgz#001099f3639468c9414000e99995fa52fb478304"
  integrity sha1-ABCZ82OUaMlBQADpmZX6UvtHgwQ=
  dependencies:
    jwa "^1.4.1"
    safe-buffer "^5.0.1"

klaw-sync@^6.0.0:
  version "6.0.0"
  resolved "https://registry.npm.taobao.org/klaw-sync/download/klaw-sync-6.0.0.tgz#1fd2cfd56ebb6250181114f0a581167099c2b28c"
  integrity sha1-H9LP1W67YlAYERTwpYEWcJnCsow=
  dependencies:
    graceful-fs "^4.1.11"

lodash.includes@^4.3.0:
  version "4.3.0"
  resolved "https://registry.npm.taobao.org/lodash.includes/download/lodash.includes-4.3.0.tgz#60bb98a87cb923c68ca1e51325483314849f553f"
  integrity sha1-YLuYqHy5I8aMoeUTJUgzFISfVT8=

lodash.isboolean@^3.0.3:
  version "3.0.3"
  resolved "https://registry.npm.taobao.org/lodash.isboolean/download/lodash.isboolean-3.0.3.tgz#6c2e171db2a257cd96802fd43b01b20d5f5870f6"
  integrity sha1-bC4XHbKiV82WgC/UOwGyDV9YcPY=

lodash.isinteger@^4.0.4:
  version "4.0.4"
  resolved "https://registry.npm.taobao.org/lodash.isinteger/download/lodash.isinteger-4.0.4.tgz#619c0af3d03f8b04c31f5882840b77b11cd68343"
  integrity sha1-YZwK89A/iwTDH1iChAt3sRzWg0M=

lodash.isnumber@^3.0.3:
  version "3.0.3"
  resolved "https://registry.npm.taobao.org/lodash.isnumber/download/lodash.isnumber-3.0.3.tgz#3ce76810c5928d03352301ac287317f11c0b1ffc"
  integrity sha1-POdoEMWSjQM1IwGsKHMX8RwLH/w=

lodash.isplainobject@^4.0.6:
  version "4.0.6"
  resolved "https://registry.npm.taobao.org/lodash.isplainobject/download/lodash.isplainobject-4.0.6.tgz#7c526a52d89b45c45cc690b88163be0497f550cb"
  integrity sha1-fFJqUtibRcRcxpC4gWO+BJf1UMs=

lodash.isstring@^4.0.1:
  version "4.0.1"
  resolved "https://registry.npm.taobao.org/lodash.isstring/download/lodash.isstring-4.0.1.tgz#d527dfb5456eca7cc9bb95d5daeaf88ba54a5451"
  integrity sha1-1SfftUVuynzJu5XV2ur4i6VKVFE=

lodash.once@^4.0.0:
  version "4.1.1"
  resolved "https://registry.npm.taobao.org/lodash.once/download/lodash.once-4.1.1.tgz#0dd3971213c7c56df880977d504c88fb471a97ac"
  integrity sha1-DdOXEhPHxW34gJd9UEyI+0cal6w=

lru-cache@^6.0.0:
  version "6.0.0"
  resolved "https://registry.nlark.com/lru-cache/download/lru-cache-6.0.0.tgz#6d6fe6570ebd96aaf90fcad1dafa3b2566db3a94"
  integrity sha1-bW/mVw69lqr5D8rR2vo7JWbbOpQ=
  dependencies:
    yallist "^4.0.0"

ms@^2.1.1:
  version "2.1.3"
  resolved "https://registry.nlark.com/ms/download/ms-2.1.3.tgz#574c8138ce1d2b5861f0b44579dbadd60c6615b2"
  integrity sha1-V0yBOM4dK1hh8LRFedut1gxmFbI=

node-fetch@^2.6.1:
  version "2.6.1"
  resolved "https://registry.nlark.com/node-fetch/download/node-fetch-2.6.1.tgz?cache=0&sync_timestamp=1626684812087&other_urls=https%3A%2F%2Fregistry.nlark.com%2Fnode-fetch%2Fdownload%2Fnode-fetch-2.6.1.tgz#045bd323631f76ed2e2b55573394416b639a0052"
  integrity sha1-BFvTI2Mfdu0uK1VXM5RBa2OaAFI=

octokit@^1.3.0:
  version "1.3.0"
  resolved "https://registry.nlark.com/octokit/download/octokit-1.3.0.tgz#76c01716f70603cd5c002a9e99fe87d2f988195a"
  integrity sha1-dsAXFvcGA81cACqemf6H0vmIGVo=
  dependencies:
    "@octokit/app" "^12.0.0"
    "@octokit/core" "^3.3.1"
    "@octokit/oauth-app" "^3.3.0"
    "@octokit/plugin-paginate-rest" "^2.13.3"
    "@octokit/plugin-rest-endpoint-methods" "5.7.0"
    "@octokit/plugin-retry" "^3.0.8"
    "@octokit/plugin-throttling" "^3.4.3"
    "@octokit/types" "^6.16.1"

once@^1.4.0:
  version "1.4.0"
  resolved "https://registry.nlark.com/once/download/once-1.4.0.tgz#583b1aa775961d4b113ac17d9c50baef9dd76bd1"
  integrity sha1-WDsap3WWHUsROsF9nFC6753Xa9E=
  dependencies:
    wrappy "1"

safe-buffer@^5.0.1:
  version "5.2.1"
  resolved "https://registry.nlark.com/safe-buffer/download/safe-buffer-5.2.1.tgz#1eaf9fa9bdb1fdd4ec75f58f9cdb4e6b7827eec6"
  integrity sha1-Hq+fqb2x/dTsdfWPnNtOa3gn7sY=

semver@^5.6.0:
  version "5.7.1"
  resolved "https://registry.nlark.com/semver/download/semver-5.7.1.tgz?cache=0&sync_timestamp=1618847119601&other_urls=https%3A%2F%2Fregistry.nlark.com%2Fsemver%2Fdownload%2Fsemver-5.7.1.tgz#a954f931aeba508d307bbf069eff0c01c96116f7"
  integrity sha1-qVT5Ma66UI0we78Gnv8MAclhFvc=

universal-github-app-jwt@^1.0.1:
  version "1.1.0"
  resolved "https://registry.nlark.com/universal-github-app-jwt/download/universal-github-app-jwt-1.1.0.tgz#0abaa876101cdf1d3e4c546be2768841c0c1b514"
  integrity sha1-CrqodhAc3x0+TFRr4naIQcDBtRQ=
  dependencies:
    "@types/jsonwebtoken" "^8.3.3"
    jsonwebtoken "^8.5.1"

universal-user-agent@^6.0.0:
  version "6.0.0"
  resolved "https://registry.npm.taobao.org/universal-user-agent/download/universal-user-agent-6.0.0.tgz#3381f8503b251c0d9cd21bc1de939ec9df5480ee"
  integrity sha1-M4H4UDslHA2c0hvB3pOeyd9UgO4=

universalify@^2.0.0:
  version "2.0.0"
  resolved "https://registry.nlark.com/universalify/download/universalify-2.0.0.tgz#75a4984efedc4b08975c5aeb73f530d02df25717"
  integrity sha1-daSYTv7cSwiXXFrrc/Uw0C3yVxc=

wrappy@1:
  version "1.0.2"
  resolved "https://registry.nlark.com/wrappy/download/wrappy-1.0.2.tgz?cache=0&sync_timestamp=1619133505879&other_urls=https%3A%2F%2Fregistry.nlark.com%2Fwrappy%2Fdownload%2Fwrappy-1.0.2.tgz#b5243d8f3ec1aa35f1364605bc0d1036e30ab69f"
  integrity sha1-tSQ9jz7BqjXxNkYFvA0QNuMKtp8=

yallist@^4.0.0:
  version "4.0.0"
  resolved "https://registry.npm.taobao.org/yallist/download/yallist-4.0.0.tgz#9bb92790d9c0effec63be73519e11a35019a3a72"
  integrity sha1-m7knkNnA7/7GO+c1GeEaNQGaOnI=
